
Microsoft Visual Studio Solution File, Format Version 12.00
# Visual Studio Version 17
VisualStudioVersion = 17.14.36616.10 d17.14
MinimumVisualStudioVersion = 10.0.40219.1
Project("{FAE04EC0-301F-11D3-BF4B-00C04F79EFBC}") = "EntityDemo1", "EntityDemo1\EntityDemo1.csproj", "{602A6C5B-E8D2-4C87-9259-09B1962219A7}"
EndProject
Global
	GlobalSection(SolutionConfigurationPlatforms) = preSolution
		Debug|Any CPU = Debug|Any CPU
		Release|Any CPU = Release|Any CPU
	EndGlobalSection
	GlobalSection(ProjectConfigurationPlatforms) = postSolution
		{602A6C5B-E8D2-4C87-9259-09B1962219A7}.Debug|Any CPU.ActiveCfg = Debug|Any CPU
		{602A6C5B-E8D2-4C87-9259-09B1962219A7}.Debug|Any CPU.Build.0 = Debug|Any CPU
		{602A6C5B-E8D2-4C87-9259-09B1962219A7}.Release|Any CPU.ActiveCfg = Release|Any CPU
		{602A6C5B-E8D2-4C87-9259-09B1962219A7}.Release|Any CPU.Build.0 = Release|Any CPU
	EndGlobalSection
	GlobalSection(SolutionProperties) = preSolution
		HideSolutionNode = FALSE
	EndGlobalSection
	GlobalSection(ExtensibilityGlobals) = postSolution
		SolutionGuid = {D997ED51-BAE0-4A9B-81E0-AA96616E9CFA}
	EndGlobalSection
EndGlobal
